
Microsoft Visual Studio Solution File, Format Version 12.00
# Visual Studio Version 16
VisualStudioVersion = 16.0.29102.190
MinimumVisualStudioVersion = 10.0.40219.1
Project("{FAE04EC0-301F-11D3-BF4B-00C04F79EFBC}") = "Armory.App", "Armory.App\Armory.App.csproj", "{879F3DB9-7DDB-4C34-B763-7C27D536EABC}"
EndProject
Project("{FAE04EC0-301F-11D3-BF4B-00C04F79EFBC}") = "Armory.Library", "Armory.Library\Armory.Library.csproj", "{C201CE67-3E4E-4500-A9FF-DC599374FB4F}"
EndProject
Global
	GlobalSection(SolutionConfigurationPlatforms) = preSolution
		Debug|Any CPU = Debug|Any CPU
		Release|Any CPU = Release|Any CPU
	EndGlobalSection
	GlobalSection(ProjectConfigurationPlatforms) = postSolution
		{879F3DB9-7DDB-4C34-B763-7C27D536EABC}.Debug|Any CPU.ActiveCfg = Debug|Any CPU
		{879F3DB9-7DDB-4C34-B763-7C27D536EABC}.Debug|Any CPU.Build.0 = Debug|Any CPU
		{879F3DB9-7DDB-4C34-B763-7C27D536EABC}.Release|Any CPU.ActiveCfg = Release|Any CPU
		{879F3DB9-7DDB-4C34-B763-7C27D536EABC}.Release|Any CPU.Build.0 = Release|Any CPU
		{C201CE67-3E4E-4500-A9FF-DC599374FB4F}.Debug|Any CPU.ActiveCfg = Debug|Any CPU
		{C201CE67-3E4E-4500-A9FF-DC599374FB4F}.Debug|Any CPU.Build.0 = Debug|Any CPU
		{C201CE67-3E4E-4500-A9FF-DC599374FB4F}.Release|Any CPU.ActiveCfg = Release|Any CPU
		{C201CE67-3E4E-4500-A9FF-DC599374FB4F}.Release|Any CPU.Build.0 = Release|Any CPU
	EndGlobalSection
	GlobalSection(SolutionProperties) = preSolution
		HideSolutionNode = FALSE
	EndGlobalSection
	GlobalSection(ExtensibilityGlobals) = postSolution
		SolutionGuid = {D0108C80-FF1C-4425-8D58-CF6C09A5DED0}
	EndGlobalSection
EndGlobal
